
Microsoft Visual Studio Solution File, Format Version 12.00
# Visual Studio Version 17
VisualStudioVersion = 17.13.35825.156
MinimumVisualStudioVersion = 10.0.40219.1
Project("{FAE04EC0-301F-11D3-BF4B-00C04F79EFBC}") = "StoreTrackerSystem", "StoreTrackerSystem.csproj", "{F485A9DA-A661-4FD3-A162-5D65CB4993DA}"
EndProject
Project("{FAE04EC0-301F-11D3-BF4B-00C04F79EFBC}") = "STSBusinessLogic", "STSBusinessLogic\STSBusinessLogic.csproj", "{DF20867F-D130-42D0-8904-51A321A1BAA6}"
EndProject
Global
	GlobalSection(SolutionConfigurationPlatforms) = preSolution
		Debug|Any CPU = Debug|Any CPU
		Release|Any CPU = Release|Any CPU
	EndGlobalSection
	GlobalSection(ProjectConfigurationPlatforms) = postSolution
		{F485A9DA-A661-4FD3-A162-5D65CB4993DA}.Debug|Any CPU.ActiveCfg = Debug|Any CPU
		{F485A9DA-A661-4FD3-A162-5D65CB4993DA}.Debug|Any CPU.Build.0 = Debug|Any CPU
		{F485A9DA-A661-4FD3-A162-5D65CB4993DA}.Release|Any CPU.ActiveCfg = Release|Any CPU
		{F485A9DA-A661-4FD3-A162-5D65CB4993DA}.Release|Any CPU.Build.0 = Release|Any CPU
		{DF20867F-D130-42D0-8904-51A321A1BAA6}.Debug|Any CPU.ActiveCfg = Debug|Any CPU
		{DF20867F-D130-42D0-8904-51A321A1BAA6}.Debug|Any CPU.Build.0 = Debug|Any CPU
		{DF20867F-D130-42D0-8904-51A321A1BAA6}.Release|Any CPU.ActiveCfg = Release|Any CPU
		{DF20867F-D130-42D0-8904-51A321A1BAA6}.Release|Any CPU.Build.0 = Release|Any CPU
	EndGlobalSection
	GlobalSection(SolutionProperties) = preSolution
		HideSolutionNode = FALSE
	EndGlobalSection
	GlobalSection(ExtensibilityGlobals) = postSolution
		SolutionGuid = {629199FA-1B25-4CE2-B9F3-19CFD9343FCA}
	EndGlobalSection
EndGlobal
